
Microsoft Visual Studio Solution File, Format Version 10.00
# Visual Studio 2008
Project("{FAE04EC0-301F-11D3-BF4B-00C04F79EFBC}") = "AutoPoco", "AutoPoco\AutoPoco.csproj", "{EDD484D5-0445-403A-BE50-CF50462DDBA6}"
EndProject
Project("{FAE04EC0-301F-11D3-BF4B-00C04F79EFBC}") = "AutoPoco.Tests.Unit", "AutoPoco.Tests.Unit\AutoPoco.Tests.Unit.csproj", "{C42D227E-9EC0-45A5-A045-2B7E31D70013}"
EndProject
Project("{2150E333-8FDC-42A3-9474-1A3956D46DE8}") = "Solution Items", "Solution Items", "{9C6B32E9-3192-4FF3-BFBF-CEFA03737780}"
	ProjectSection(SolutionItems) = preProject
		todo.txt = todo.txt
	EndProjectSection
EndProject
Project("{FAE04EC0-301F-11D3-BF4B-00C04F79EFBC}") = "AutoPoco.Tests.Integration", "AutoPoco.Tests.Integration\AutoPoco.Tests.Integration.csproj", "{22E71826-FA19-42E7-B97B-D7D13D270696}"
EndProject
Project("{FAE04EC0-301F-11D3-BF4B-00C04F79EFBC}") = "AutoPoco.Testing", "AutoPoco.Testing\AutoPoco.Testing.csproj", "{260D2207-AB8C-409F-A322-F8EC7573EB42}"
EndProject
Global
	GlobalSection(SolutionConfigurationPlatforms) = preSolution
		Debug|Any CPU = Debug|Any CPU
		Release|Any CPU = Release|Any CPU
	EndGlobalSection
	GlobalSection(ProjectConfigurationPlatforms) = postSolution
		{EDD484D5-0445-403A-BE50-CF50462DDBA6}.Debug|Any CPU.ActiveCfg = Debug|Any CPU
		{EDD484D5-0445-403A-BE50-CF50462DDBA6}.Debug|Any CPU.Build.0 = Debug|Any CPU
		{EDD484D5-0445-403A-BE50-CF50462DDBA6}.Release|Any CPU.ActiveCfg = Release|Any CPU
		{EDD484D5-0445-403A-BE50-CF50462DDBA6}.Release|Any CPU.Build.0 = Release|Any CPU
		{C42D227E-9EC0-45A5-A045-2B7E31D70013}.Debug|Any CPU.ActiveCfg = Debug|Any CPU
		{C42D227E-9EC0-45A5-A045-2B7E31D70013}.Debug|Any CPU.Build.0 = Debug|Any CPU
		{C42D227E-9EC0-45A5-A045-2B7E31D70013}.Release|Any CPU.ActiveCfg = Release|Any CPU
		{C42D227E-9EC0-45A5-A045-2B7E31D70013}.Release|Any CPU.Build.0 = Release|Any CPU
		{22E71826-FA19-42E7-B97B-D7D13D270696}.Debug|Any CPU.ActiveCfg = Debug|Any CPU
		{22E71826-FA19-42E7-B97B-D7D13D270696}.Debug|Any CPU.Build.0 = Debug|Any CPU
		{22E71826-FA19-42E7-B97B-D7D13D270696}.Release|Any CPU.ActiveCfg = Release|Any CPU
		{22E71826-FA19-42E7-B97B-D7D13D270696}.Release|Any CPU.Build.0 = Release|Any CPU
		{260D2207-AB8C-409F-A322-F8EC7573EB42}.Debug|Any CPU.ActiveCfg = Debug|Any CPU
		{260D2207-AB8C-409F-A322-F8EC7573EB42}.Debug|Any CPU.Build.0 = Debug|Any CPU
		{260D2207-AB8C-409F-A322-F8EC7573EB42}.Release|Any CPU.ActiveCfg = Release|Any CPU
		{260D2207-AB8C-409F-A322-F8EC7573EB42}.Release|Any CPU.Build.0 = Release|Any CPU
	EndGlobalSection
	GlobalSection(SolutionProperties) = preSolution
		HideSolutionNode = FALSE
	EndGlobalSection
EndGlobal
